
Microsoft Visual Studio Solution File, Format Version 12.00
# Visual Studio Version 17
VisualStudioVersion = 17.0.31919.166
MinimumVisualStudioVersion = 10.0.40219.1
Project("{FAE04EC0-301F-11D3-BF4B-00C04F79EFBC}") = "Calculadora", "Calculadora.csproj", "{0DFCAC15-EBE5-40FA-B7AD-97238AD2D993}"
EndProject
Global
	GlobalSection(SolutionConfigurationPlatforms) = preSolution
		Debug|Any CPU = Debug|Any CPU
		Release|Any CPU = Release|Any CPU
	EndGlobalSection
	GlobalSection(ProjectConfigurationPlatforms) = postSolution
		{0DFCAC15-EBE5-40FA-B7AD-97238AD2D993}.Debug|Any CPU.ActiveCfg = Debug|Any CPU
		{0DFCAC15-EBE5-40FA-B7AD-97238AD2D993}.Debug|Any CPU.Build.0 = Debug|Any CPU
		{0DFCAC15-EBE5-40FA-B7AD-97238AD2D993}.Release|Any CPU.ActiveCfg = Release|Any CPU
		{0DFCAC15-EBE5-40FA-B7AD-97238AD2D993}.Release|Any CPU.Build.0 = Release|Any CPU
	EndGlobalSection
	GlobalSection(SolutionProperties) = preSolution
		HideSolutionNode = FALSE
	EndGlobalSection
	GlobalSection(ExtensibilityGlobals) = postSolution
		SolutionGuid = {BF661A3D-A0FF-4DA2-9BDF-CD8CD0FB2D41}
	EndGlobalSection
EndGlobal
